
Microsoft Visual Studio Solution File, Format Version 12.00
# Visual Studio Version 17
VisualStudioVersion = 17.3.32901.215
MinimumVisualStudioVersion = 10.0.40219.1
Project("{FAE04EC0-301F-11D3-BF4B-00C04F79EFBC}") = "3yazılıortalama", "3yazılıortalama\3yazılıortalama.csproj", "{D9FA24B3-DA42-4B63-9EF3-21C0FE7A2250}"
EndProject
Global
	GlobalSection(SolutionConfigurationPlatforms) = preSolution
		Debug|Any CPU = Debug|Any CPU
		Release|Any CPU = Release|Any CPU
	EndGlobalSection
	GlobalSection(ProjectConfigurationPlatforms) = postSolution
		{D9FA24B3-DA42-4B63-9EF3-21C0FE7A2250}.Debug|Any CPU.ActiveCfg = Debug|Any CPU
		{D9FA24B3-DA42-4B63-9EF3-21C0FE7A2250}.Debug|Any CPU.Build.0 = Debug|Any CPU
		{D9FA24B3-DA42-4B63-9EF3-21C0FE7A2250}.Release|Any CPU.ActiveCfg = Release|Any CPU
		{D9FA24B3-DA42-4B63-9EF3-21C0FE7A2250}.Release|Any CPU.Build.0 = Release|Any CPU
	EndGlobalSection
	GlobalSection(SolutionProperties) = preSolution
		HideSolutionNode = FALSE
	EndGlobalSection
	GlobalSection(ExtensibilityGlobals) = postSolution
		SolutionGuid = {31F2C4D8-D580-4850-9576-36FF65B08E16}
	EndGlobalSection
EndGlobal
